// !$*UTF8*$!
{
	archiveVersion = 1;
	classes = {
	};
	objectVersion = 50;
	objects = {

/* Begin PBXBuildFile section */
		5D6DF6140DB4361EE5022841 /* Pods_DomboDemo.framework in Frameworks */ = {isa = PBXBuildFile; fileRef = 7A89B23B198418401493FB8B /* Pods_DomboDemo.framework */; };
		BF773F7A1895F03A6E608EDE /* Pods_DomboDemoTests.framework in Frameworks */ = {isa = PBXBuildFile; fileRef = 59A18B926EBD687EC8F3D463 /* Pods_DomboDemoTests.framework */; };
		D13892C6214A3A8D00F2019C /* View.xib in Resources */ = {isa = PBXBuildFile; fileRef = D13892C5214A3A8D00F2019C /* View.xib */; };
		D1AE3CD62147E0F700313A9B /* TNTTools.m in Sources */ = {isa = PBXBuildFile; fileRef = D1AE3CD32147E0F700313A9B /* TNTTools.m */; };
		D1AE3CD72147E0F700313A9B /* UIView+TNTCategory.m in Sources */ = {isa = PBXBuildFile; fileRef = D1AE3CD52147E0F700313A9B /* UIView+TNTCategory.m */; };
		D1B5A1A8212BC015004AD200 /* AppDelegate.m in Sources */ = {isa = PBXBuildFile; fileRef = D1B5A1A7212BC015004AD200 /* AppDelegate.m */; };
		D1B5A1AB212BC015004AD200 /* ViewController.m in Sources */ = {isa = PBXBuildFile; fileRef = D1B5A1AA212BC015004AD200 /* ViewController.m */; };
		D1B5A1AE212BC015004AD200 /* Main.storyboard in Resources */ = {isa = PBXBuildFile; fileRef = D1B5A1AC212BC015004AD200 /* Main.storyboard */; };
		D1B5A1B0212BC016004AD200 /* Assets.xcassets in Resources */ = {isa = PBXBuildFile; fileRef = D1B5A1AF212BC016004AD200 /* Assets.xcassets */; };
		D1B5A1B3212BC016004AD200 /* LaunchScreen.storyboard in Resources */ = {isa = PBXBuildFile; fileRef = D1B5A1B1212BC016004AD200 /* LaunchScreen.storyboard */; };
		D1B5A1B6212BC016004AD200 /* main.m in Sources */ = {isa = PBXBuildFile; fileRef = D1B5A1B5212BC016004AD200 /* main.m */; };
		D1B5A1C0212BC017004AD200 /* DomboDemoTests.m in Sources */ = {isa = PBXBuildFile; fileRef = D1B5A1BF212BC017004AD200 /* DomboDemoTests.m */; };
		D1B5A1CB212BC017004AD200 /* DomboDemoUITests.m in Sources */ = {isa = PBXBuildFile; fileRef = D1B5A1CA212BC017004AD200 /* DomboDemoUITests.m */; };
		D1ED94C0212D4BD400D8C704 /* DemoViewController.m in Sources */ = {isa = PBXBuildFile; fileRef = D1ED94BF212D4BD400D8C704 /* DemoViewController.m */; };
		D1F6D300214F7E5A00BAFB62 /* UIImage+TNTCategory.m in Sources */ = {isa = PBXBuildFile; fileRef = D1F6D2FF214F7E5A00BAFB62 /* UIImage+TNTCategory.m */; };
		D1F6D303214F83FE00BAFB62 /* UITextField+TNTCategory.m in Sources */ = {isa = PBXBuildFile; fileRef = D1F6D302214F83FE00BAFB62 /* UITextField+TNTCategory.m */; };
		D1F6D306214F855A00BAFB62 /* UITextView+TNTCategory.m in Sources */ = {isa = PBXBuildFile; fileRef = D1F6D305214F855A00BAFB62 /* UITextView+TNTCategory.m */; };
		D1F6D309214F886F00BAFB62 /* UIButton+TNTCategory.m in Sources */ = {isa = PBXBuildFile; fileRef = D1F6D308214F886F00BAFB62 /* UIButton+TNTCategory.m */; };
		D1F6D30D214F8ECC00BAFB62 /* UIColor+TNTCategory.m in Sources */ = {isa = PBXBuildFile; fileRef = D1F6D30C214F8ECC00BAFB62 /* UIColor+TNTCategory.m */; };
		D577E666DC1D7CC6AA35FD61 /* Pods_DomboDemoUITests.framework in Frameworks */ = {isa = PBXBuildFile; fileRef = E487250689C4AF3765183344 /* Pods_DomboDemoUITests.framework */; };
/* End PBXBuildFile section */

/* Begin PBXContainerItemProxy section */
		D1B5A1BC212BC017004AD200 /* PBXContainerItemProxy */ = {
			isa = PBXContainerItemProxy;
			containerPortal = D1B5A19B212BC015004AD200 /* Project object */;
			proxyType = 1;
			remoteGlobalIDString = D1B5A1A2212BC015004AD200;
			remoteInfo = DomboDemo;
		};
		D1B5A1C7212BC017004AD200 /* PBXContainerItemProxy */ = {
			isa = PBXContainerItemProxy;
			containerPortal = D1B5A19B212BC015004AD200 /* Project object */;
			proxyType = 1;
			remoteGlobalIDString = D1B5A1A2212BC015004AD200;
			remoteInfo = DomboDemo;
		};
/* End PBXContainerItemProxy section */

/* Begin PBXFileReference section */
		0686B7A7C9F8A879FB1261B6 /* Pods-DomboDemoTests.release.xcconfig */ = {isa = PBXFileReference; includeInIndex = 1; lastKnownFileType = text.xcconfig; name = "Pods-DomboDemoTests.release.xcconfig"; path = "Pods/Target Support Files/Pods-DomboDemoTests/Pods-DomboDemoTests.release.xcconfig"; sourceTree = "<group>"; };
		1BD5CDD2FA2B45C14B4BB99C /* Pods-DomboDemoUITests.debug.xcconfig */ = {isa = PBXFileReference; includeInIndex = 1; lastKnownFileType = text.xcconfig; name = "Pods-DomboDemoUITests.debug.xcconfig"; path = "Pods/Target Support Files/Pods-DomboDemoUITests/Pods-DomboDemoUITests.debug.xcconfig"; sourceTree = "<group>"; };
		59A18B926EBD687EC8F3D463 /* Pods_DomboDemoTests.framework */ = {isa = PBXFileReference; explicitFileType = wrapper.framework; includeInIndex = 0; path = Pods_DomboDemoTests.framework; sourceTree = BUILT_PRODUCTS_DIR; };
		60BB60DE2365D9D5929757E1 /* Pods-DomboDemo.release.xcconfig */ = {isa = PBXFileReference; includeInIndex = 1; lastKnownFileType = text.xcconfig; name = "Pods-DomboDemo.release.xcconfig"; path = "Pods/Target Support Files/Pods-DomboDemo/Pods-DomboDemo.release.xcconfig"; sourceTree = "<group>"; };
		7A89B23B198418401493FB8B /* Pods_DomboDemo.framework */ = {isa = PBXFileReference; explicitFileType = wrapper.framework; includeInIndex = 0; path = Pods_DomboDemo.framework; sourceTree = BUILT_PRODUCTS_DIR; };
		942562CC02B868E2721468A8 /* Pods-DomboDemoUITests.release.xcconfig */ = {isa = PBXFileReference; includeInIndex = 1; lastKnownFileType = text.xcconfig; name = "Pods-DomboDemoUITests.release.xcconfig"; path = "Pods/Target Support Files/Pods-DomboDemoUITests/Pods-DomboDemoUITests.release.xcconfig"; sourceTree = "<group>"; };
		C7152F0F1A23F68D6892B4E7 /* Pods-DomboDemo.debug.xcconfig */ = {isa = PBXFileReference; includeInIndex = 1; lastKnownFileType = text.xcconfig; name = "Pods-DomboDemo.debug.xcconfig"; path = "Pods/Target Support Files/Pods-DomboDemo/Pods-DomboDemo.debug.xcconfig"; sourceTree = "<group>"; };
		D1225B66C84463C1F93ED614 /* Pods-DomboDemoTests.debug.xcconfig */ = {isa = PBXFileReference; includeInIndex = 1; lastKnownFileType = text.xcconfig; name = "Pods-DomboDemoTests.debug.xcconfig"; path = "Pods/Target Support Files/Pods-DomboDemoTests/Pods-DomboDemoTests.debug.xcconfig"; sourceTree = "<group>"; };
		D13892C5214A3A8D00F2019C /* View.xib */ = {isa = PBXFileReference; lastKnownFileType = file.xib; path = View.xib; sourceTree = "<group>"; };
		D1AE3CD22147E0F700313A9B /* UIView+TNTCategory.h */ = {isa = PBXFileReference; fileEncoding = 4; lastKnownFileType = sourcecode.c.h; path = "UIView+TNTCategory.h"; sourceTree = "<group>"; };
		D1AE3CD32147E0F700313A9B /* TNTTools.m */ = {isa = PBXFileReference; fileEncoding = 4; lastKnownFileType = sourcecode.c.objc; path = TNTTools.m; sourceTree = "<group>"; };
		D1AE3CD42147E0F700313A9B /* TNTTools.h */ = {isa = PBXFileReference; fileEncoding = 4; lastKnownFileType = sourcecode.c.h; path = TNTTools.h; sourceTree = "<group>"; };
		D1AE3CD52147E0F700313A9B /* UIView+TNTCategory.m */ = {isa = PBXFileReference; fileEncoding = 4; lastKnownFileType = sourcecode.c.objc; path = "UIView+TNTCategory.m"; sourceTree = "<group>"; };
		D1B5A1A3212BC015004AD200 /* DomboDemo.app */ = {isa = PBXFileReference; explicitFileType = wrapper.application; includeInIndex = 0; path = DomboDemo.app; sourceTree = BUILT_PRODUCTS_DIR; };
		D1B5A1A6212BC015004AD200 /* AppDelegate.h */ = {isa = PBXFileReference; lastKnownFileType = sourcecode.c.h; path = AppDelegate.h; sourceTree = "<group>"; };
		D1B5A1A7212BC015004AD200 /* AppDelegate.m */ = {isa = PBXFileReference; lastKnownFileType = sourcecode.c.objc; path = AppDelegate.m; sourceTree = "<group>"; };
		D1B5A1A9212BC015004AD200 /* ViewController.h */ = {isa = PBXFileReference; lastKnownFileType = sourcecode.c.h; path = ViewController.h; sourceTree = "<group>"; };
		D1B5A1AA212BC015004AD200 /* ViewController.m */ = {isa = PBXFileReference; lastKnownFileType = sourcecode.c.objc; path = ViewController.m; sourceTree = "<group>"; };
		D1B5A1AD212BC015004AD200 /* Base */ = {isa = PBXFileReference; lastKnownFileType = file.storyboard; name = Base; path = Base.lproj/Main.storyboard; sourceTree = "<group>"; };
		D1B5A1AF212BC016004AD200 /* Assets.xcassets */ = {isa = PBXFileReference; lastKnownFileType = folder.assetcatalog; path = Assets.xcassets; sourceTree = "<group>"; };
		D1B5A1B2212BC016004AD200 /* Base */ = {isa = PBXFileReference; lastKnownFileType = file.storyboard; name = Base; path = Base.lproj/LaunchScreen.storyboard; sourceTree = "<group>"; };
		D1B5A1B4212BC016004AD200 /* Info.plist */ = {isa = PBXFileReference; lastKnownFileType = text.plist.xml; path = Info.plist; sourceTree = "<group>"; };
		D1B5A1B5212BC016004AD200 /* main.m */ = {isa = PBXFileReference; lastKnownFileType = sourcecode.c.objc; path = main.m; sourceTree = "<group>"; };
		D1B5A1BB212BC017004AD200 /* DomboDemoTests.xctest */ = {isa = PBXFileReference; explicitFileType = wrapper.cfbundle; includeInIndex = 0; path = DomboDemoTests.xctest; sourceTree = BUILT_PRODUCTS_DIR; };
		D1B5A1BF212BC017004AD200 /* DomboDemoTests.m */ = {isa = PBXFileReference; lastKnownFileType = sourcecode.c.objc; path = DomboDemoTests.m; sourceTree = "<group>"; };
		D1B5A1C1212BC017004AD200 /* Info.plist */ = {isa = PBXFileReference; lastKnownFileType = text.plist.xml; path = Info.plist; sourceTree = "<group>"; };
		D1B5A1C6212BC017004AD200 /* DomboDemoUITests.xctest */ = {isa = PBXFileReference; explicitFileType = wrapper.cfbundle; includeInIndex = 0; path = DomboDemoUITests.xctest; sourceTree = BUILT_PRODUCTS_DIR; };
		D1B5A1CA212BC017004AD200 /* DomboDemoUITests.m */ = {isa = PBXFileReference; lastKnownFileType = sourcecode.c.objc; path = DomboDemoUITests.m; sourceTree = "<group>"; };
		D1B5A1CC212BC017004AD200 /* Info.plist */ = {isa = PBXFileReference; lastKnownFileType = text.plist.xml; path = Info.plist; sourceTree = "<group>"; };
		D1B5A1D9212BE56D004AD200 /* TNTHeader.h */ = {isa = PBXFileReference; lastKnownFileType = sourcecode.c.h; path = TNTHeader.h; sourceTree = "<group>"; };
		D1B5A1DA212BF174004AD200 /* TNTNotes.h */ = {isa = PBXFileReference; lastKnownFileType = sourcecode.c.h; path = TNTNotes.h; sourceTree = "<group>"; };
		D1ED94BE212D4BD400D8C704 /* DemoViewController.h */ = {isa = PBXFileReference; lastKnownFileType = sourcecode.c.h; path = DemoViewController.h; sourceTree = "<group>"; };
		D1ED94BF212D4BD400D8C704 /* DemoViewController.m */ = {isa = PBXFileReference; lastKnownFileType = sourcecode.c.objc; path = DemoViewController.m; sourceTree = "<group>"; };
		D1F6D2FE214F7E5A00BAFB62 /* UIImage+TNTCategory.h */ = {isa = PBXFileReference; lastKnownFileType = sourcecode.c.h; path = "UIImage+TNTCategory.h"; sourceTree = "<group>"; };
		D1F6D2FF214F7E5A00BAFB62 /* UIImage+TNTCategory.m */ = {isa = PBXFileReference; lastKnownFileType = sourcecode.c.objc; path = "UIImage+TNTCategory.m"; sourceTree = "<group>"; };
		D1F6D301214F83FE00BAFB62 /* UITextField+TNTCategory.h */ = {isa = PBXFileReference; lastKnownFileType = sourcecode.c.h; path = "UITextField+TNTCategory.h"; sourceTree = "<group>"; };
		D1F6D302214F83FE00BAFB62 /* UITextField+TNTCategory.m */ = {isa = PBXFileReference; lastKnownFileType = sourcecode.c.objc; path = "UITextField+TNTCategory.m"; sourceTree = "<group>"; };
		D1F6D304214F855A00BAFB62 /* UITextView+TNTCategory.h */ = {isa = PBXFileReference; lastKnownFileType = sourcecode.c.h; path = "UITextView+TNTCategory.h"; sourceTree = "<group>"; };
		D1F6D305214F855A00BAFB62 /* UITextView+TNTCategory.m */ = {isa = PBXFileReference; lastKnownFileType = sourcecode.c.objc; path = "UITextView+TNTCategory.m"; sourceTree = "<group>"; };
		D1F6D307214F886F00BAFB62 /* UIButton+TNTCategory.h */ = {isa = PBXFileReference; lastKnownFileType = sourcecode.c.h; path = "UIButton+TNTCategory.h"; sourceTree = "<group>"; };
		D1F6D308214F886F00BAFB62 /* UIButton+TNTCategory.m */ = {isa = PBXFileReference; lastKnownFileType = sourcecode.c.objc; path = "UIButton+TNTCategory.m"; sourceTree = "<group>"; };
		D1F6D30A214F89F000BAFB62 /* TNTCommonMacro.h */ = {isa = PBXFileReference; lastKnownFileType = sourcecode.c.h; path = TNTCommonMacro.h; sourceTree = "<group>"; };
		D1F6D30B214F8ECC00BAFB62 /* UIColor+TNTCategory.h */ = {isa = PBXFileReference; lastKnownFileType = sourcecode.c.h; path = "UIColor+TNTCategory.h"; sourceTree = "<group>"; };
		D1F6D30C214F8ECC00BAFB62 /* UIColor+TNTCategory.m */ = {isa = PBXFileReference; lastKnownFileType = sourcecode.c.objc; path = "UIColor+TNTCategory.m"; sourceTree = "<group>"; };
		E487250689C4AF3765183344 /* Pods_DomboDemoUITests.framework */ = {isa = PBXFileReference; explicitFileType = wrapper.framework; includeInIndex = 0; path = Pods_DomboDemoUITests.framework; sourceTree = BUILT_PRODUCTS_DIR; };
/* End PBXFileReference section */

/* Begin PBXFrameworksBuildPhase section */
		D1B5A1A0212BC015004AD200 /* Frameworks */ = {
			isa = PBXFrameworksBuildPhase;
			buildActionMask = 2147483647;
			files = (
				5D6DF6140DB4361EE5022841 /* Pods_DomboDemo.framework in Frameworks */,
			);
			runOnlyForDeploymentPostprocessing = 0;
		};
		D1B5A1B8212BC017004AD200 /* Frameworks */ = {
			isa = PBXFrameworksBuildPhase;
			buildActionMask = 2147483647;
			files = (
				BF773F7A1895F03A6E608EDE /* Pods_DomboDemoTests.framework in Frameworks */,
			);
			runOnlyForDeploymentPostprocessing = 0;
		};
		D1B5A1C3212BC017004AD200 /* Frameworks */ = {
			isa = PBXFrameworksBuildPhase;
			buildActionMask = 2147483647;
			files = (
				D577E666DC1D7CC6AA35FD61 /* Pods_DomboDemoUITests.framework in Frameworks */,
			);
			runOnlyForDeploymentPostprocessing = 0;
		};
/* End PBXFrameworksBuildPhase section */

/* Begin PBXGroup section */
		465B6FE5F33FDCBCAB02735C /* Frameworks */ = {
			isa = PBXGroup;
			children = (
				7A89B23B198418401493FB8B /* Pods_DomboDemo.framework */,
				59A18B926EBD687EC8F3D463 /* Pods_DomboDemoTests.framework */,
				E487250689C4AF3765183344 /* Pods_DomboDemoUITests.framework */,
			);
			name = Frameworks;
			sourceTree = "<group>";
		};
		D1B5A19A212BC015004AD200 = {
			isa = PBXGroup;
			children = (
				D1B5A1A5212BC015004AD200 /* DomboDemo */,
				D1B5A1BE212BC017004AD200 /* DomboDemoTests */,
				D1B5A1C9212BC017004AD200 /* DomboDemoUITests */,
				D1B5A1A4212BC015004AD200 /* Products */,
				F4807B79129A6459AB7A4E53 /* Pods */,
				465B6FE5F33FDCBCAB02735C /* Frameworks */,
			);
			sourceTree = "<group>";
		};
		D1B5A1A4212BC015004AD200 /* Products */ = {
			isa = PBXGroup;
			children = (
				D1B5A1A3212BC015004AD200 /* DomboDemo.app */,
				D1B5A1BB212BC017004AD200 /* DomboDemoTests.xctest */,
				D1B5A1C6212BC017004AD200 /* DomboDemoUITests.xctest */,
			);
			name = Products;
			sourceTree = "<group>";
		};
		D1B5A1A5212BC015004AD200 /* DomboDemo */ = {
			isa = PBXGroup;
			children = (
				D1B5A1D8212BC089004AD200 /* TNTKit */,
				D1B5A1A6212BC015004AD200 /* AppDelegate.h */,
				D1B5A1A7212BC015004AD200 /* AppDelegate.m */,
				D13892C5214A3A8D00F2019C /* View.xib */,
				D1B5A1A9212BC015004AD200 /* ViewController.h */,
				D1B5A1AA212BC015004AD200 /* ViewController.m */,
				D1ED94BE212D4BD400D8C704 /* DemoViewController.h */,
				D1ED94BF212D4BD400D8C704 /* DemoViewController.m */,
				D1B5A1AC212BC015004AD200 /* Main.storyboard */,
				D1B5A1AF212BC016004AD200 /* Assets.xcassets */,
				D1B5A1B1212BC016004AD200 /* LaunchScreen.storyboard */,
				D1B5A1B4212BC016004AD200 /* Info.plist */,
				D1B5A1B5212BC016004AD200 /* main.m */,
			);
			path = DomboDemo;
			sourceTree = "<group>";
		};
		D1B5A1BE212BC017004AD200 /* DomboDemoTests */ = {
			isa = PBXGroup;
			children = (
				D1B5A1BF212BC017004AD200 /* DomboDemoTests.m */,
				D1B5A1C1212BC017004AD200 /* Info.plist */,
			);
			path = DomboDemoTests;
			sourceTree = "<group>";
		};
		D1B5A1C9212BC017004AD200 /* DomboDemoUITests */ = {
			isa = PBXGroup;
			children = (
				D1B5A1CA212BC017004AD200 /* DomboDemoUITests.m */,
				D1B5A1CC212BC017004AD200 /* Info.plist */,
			);
			path = DomboDemoUITests;
			sourceTree = "<group>";
		};
		D1B5A1D8212BC089004AD200 /* TNTKit */ = {
			isa = PBXGroup;
			children = (
				D1B5A1D9212BE56D004AD200 /* TNTHeader.h */,
				D1B5A1DA212BF174004AD200 /* TNTNotes.h */,
				D1F6D30A214F89F000BAFB62 /* TNTCommonMacro.h */,
				D1AE3CD42147E0F700313A9B /* TNTTools.h */,
				D1AE3CD32147E0F700313A9B /* TNTTools.m */,
				D1AE3CD22147E0F700313A9B /* UIView+TNTCategory.h */,
				D1AE3CD52147E0F700313A9B /* UIView+TNTCategory.m */,
				D1F6D2FE214F7E5A00BAFB62 /* UIImage+TNTCategory.h */,
				D1F6D2FF214F7E5A00BAFB62 /* UIImage+TNTCategory.m */,
				D1F6D301214F83FE00BAFB62 /* UITextField+TNTCategory.h */,
				D1F6D302214F83FE00BAFB62 /* UITextField+TNTCategory.m */,
				D1F6D304214F855A00BAFB62 /* UITextView+TNTCategory.h */,
				D1F6D305214F855A00BAFB62 /* UITextView+TNTCategory.m */,
				D1F6D307214F886F00BAFB62 /* UIButton+TNTCategory.h */,
				D1F6D308214F886F00BAFB62 /* UIButton+TNTCategory.m */,
				D1F6D30B214F8ECC00BAFB62 /* UIColor+TNTCategory.h */,
				D1F6D30C214F8ECC00BAFB62 /* UIColor+TNTCategory.m */,
			);
			path = TNTKit;
			sourceTree = "<group>";
		};
		F4807B79129A6459AB7A4E53 /* Pods */ = {
			isa = PBXGroup;
			children = (
				C7152F0F1A23F68D6892B4E7 /* Pods-DomboDemo.debug.xcconfig */,
				60BB60DE2365D9D5929757E1 /* Pods-DomboDemo.release.xcconfig */,
				D1225B66C84463C1F93ED614 /* Pods-DomboDemoTests.debug.xcconfig */,
				0686B7A7C9F8A879FB1261B6 /* Pods-DomboDemoTests.release.xcconfig */,
				1BD5CDD2FA2B45C14B4BB99C /* Pods-DomboDemoUITests.debug.xcconfig */,
				942562CC02B868E2721468A8 /* Pods-DomboDemoUITests.release.xcconfig */,
			);
			name = Pods;
			sourceTree = "<group>";
		};
/* End PBXGroup section */

/* Begin PBXNativeTarget section */
		D1B5A1A2212BC015004AD200 /* DomboDemo */ = {
			isa = PBXNativeTarget;
			buildConfigurationList = D1B5A1CF212BC017004AD200 /* Build configuration list for PBXNativeTarget "DomboDemo" */;
			buildPhases = (
				F316804C795621EE80CC9A71 /* [CP] Check Pods Manifest.lock */,
				D1B5A19F212BC015004AD200 /* Sources */,
				D1B5A1A0212BC015004AD200 /* Frameworks */,
				D1B5A1A1212BC015004AD200 /* Resources */,
				D7561785360571F284A537FF /* [CP] Embed Pods Frameworks */,
			);
			buildRules = (
			);
			dependencies = (
			);
			name = DomboDemo;
			productName = DomboDemo;
			productReference = D1B5A1A3212BC015004AD200 /* DomboDemo.app */;
			productType = "com.apple.product-type.application";
		};
		D1B5A1BA212BC017004AD200 /* DomboDemoTests */ = {
			isa = PBXNativeTarget;
			buildConfigurationList = D1B5A1D2212BC017004AD200 /* Build configuration list for PBXNativeTarget "DomboDemoTests" */;
			buildPhases = (
				F85508474D6C4A6662AF6174 /* [CP] Check Pods Manifest.lock */,
				D1B5A1B7212BC017004AD200 /* Sources */,
				D1B5A1B8212BC017004AD200 /* Frameworks */,
				D1B5A1B9212BC017004AD200 /* Resources */,
			);
			buildRules = (
			);
			dependencies = (
				D1B5A1BD212BC017004AD200 /* PBXTargetDependency */,
			);
			name = DomboDemoTests;
			productName = DomboDemoTests;
			productReference = D1B5A1BB212BC017004AD200 /* DomboDemoTests.xctest */;
			productType = "com.apple.product-type.bundle.unit-test";
		};
		D1B5A1C5212BC017004AD200 /* DomboDemoUITests */ = {
			isa = PBXNativeTarget;
			buildConfigurationList = D1B5A1D5212BC017004AD200 /* Build configuration list for PBXNativeTarget "DomboDemoUITests" */;
			buildPhases = (
				C3733AA27B3B38AF2B5BFB4F /* [CP] Check Pods Manifest.lock */,
				D1B5A1C2212BC017004AD200 /* Sources */,
				D1B5A1C3212BC017004AD200 /* Frameworks */,
				D1B5A1C4212BC017004AD200 /* Resources */,
			);
			buildRules = (
			);
			dependencies = (
				D1B5A1C8212BC017004AD200 /* PBXTargetDependency */,
			);
			name = DomboDemoUITests;
			productName = DomboDemoUITests;
			productReference = D1B5A1C6212BC017004AD200 /* DomboDemoUITests.xctest */;
			productType = "com.apple.product-type.bundle.ui-testing";
		};
/* End PBXNativeTarget section */

/* Begin PBXProject section */
		D1B5A19B212BC015004AD200 /* Project object */ = {
			isa = PBXProject;
			attributes = {
				LastUpgradeCheck = 0940;
				ORGANIZATIONNAME = "尹东博";
				TargetAttributes = {
					D1B5A1A2212BC015004AD200 = {
						CreatedOnToolsVersion = 9.4.1;
					};
					D1B5A1BA212BC017004AD200 = {
						CreatedOnToolsVersion = 9.4.1;
						TestTargetID = D1B5A1A2212BC015004AD200;
					};
					D1B5A1C5212BC017004AD200 = {
						CreatedOnToolsVersion = 9.4.1;
						TestTargetID = D1B5A1A2212BC015004AD200;
					};
				};
			};
			buildConfigurationList = D1B5A19E212BC015004AD200 /* Build configuration list for PBXProject "DomboDemo" */;
			compatibilityVersion = "Xcode 9.3";
			developmentRegion = en;
			hasScannedForEncodings = 0;
			knownRegions = (
				en,
				Base,
			);
			mainGroup = D1B5A19A212BC015004AD200;
			productRefGroup = D1B5A1A4212BC015004AD200 /* Products */;
			projectDirPath = "";
			projectRoot = "";
			targets = (
				D1B5A1A2212BC015004AD200 /* DomboDemo */,
				D1B5A1BA212BC017004AD200 /* DomboDemoTests */,
				D1B5A1C5212BC017004AD200 /* DomboDemoUITests */,
			);
		};
/* End PBXProject section */

/* Begin PBXResourcesBuildPhase section */
		D1B5A1A1212BC015004AD200 /* Resources */ = {
			isa = PBXResourcesBuildPhase;
			buildActionMask = 2147483647;
			files = (
				D13892C6214A3A8D00F2019C /* View.xib in Resources */,
				D1B5A1B3212BC016004AD200 /* LaunchScreen.storyboard in Resources */,
				D1B5A1B0212BC016004AD200 /* Assets.xcassets in Resources */,
				D1B5A1AE212BC015004AD200 /* Main.storyboard in Resources */,
			);
			runOnlyForDeploymentPostprocessing = 0;
		};
		D1B5A1B9212BC017004AD200 /* Resources */ = {
			isa = PBXResourcesBuildPhase;
			buildActionMask = 2147483647;
			files = (
			);
			runOnlyForDeploymentPostprocessing = 0;
		};
		D1B5A1C4212BC017004AD200 /* Resources */ = {
			isa = PBXResourcesBuildPhase;
			buildActionMask = 2147483647;
			files = (
			);
			runOnlyForDeploymentPostprocessing = 0;
		};
/* End PBXResourcesBuildPhase section */

/* Begin PBXShellScriptBuildPhase section */
		C3733AA27B3B38AF2B5BFB4F /* [CP] Check Pods Manifest.lock */ = {
			isa = PBXShellScriptBuildPhase;
			buildActionMask = 2147483647;
			files = (
			);
			inputPaths = (
				"${PODS_PODFILE_DIR_PATH}/Podfile.lock",
				"${PODS_ROOT}/Manifest.lock",
			);
			name = "[CP] Check Pods Manifest.lock";
			outputPaths = (
				"$(DERIVED_FILE_DIR)/Pods-DomboDemoUITests-checkManifestLockResult.txt",
			);
			runOnlyForDeploymentPostprocessing = 0;
			shellPath = /bin/sh;
			shellScript = "diff \"${PODS_PODFILE_DIR_PATH}/Podfile.lock\" \"${PODS_ROOT}/Manifest.lock\" > /dev/null\nif [ $? != 0 ] ; then\n    # print error to STDERR\n    echo \"error: The sandbox is not in sync with the Podfile.lock. Run 'pod install' or update your CocoaPods installation.\" >&2\n    exit 1\nfi\n# This output is used by Xcode 'outputs' to avoid re-running this script phase.\necho \"SUCCESS\" > \"${SCRIPT_OUTPUT_FILE_0}\"\n";
			showEnvVarsInLog = 0;
		};
		D7561785360571F284A537FF /* [CP] Embed Pods Frameworks */ = {
			isa = PBXShellScriptBuildPhase;
			buildActionMask = 2147483647;
			files = (
			);
			inputPaths = (
				"${SRCROOT}/Pods/Target Support Files/Pods-DomboDemo/Pods-DomboDemo-frameworks.sh",
				"${BUILT_PRODUCTS_DIR}/FirstSpaceY/FirstSpaceY.framework",
			);
			name = "[CP] Embed Pods Frameworks";
			outputPaths = (
				"${TARGET_BUILD_DIR}/${FRAMEWORKS_FOLDER_PATH}/FirstSpaceY.framework",
			);
			runOnlyForDeploymentPostprocessing = 0;
			shellPath = /bin/sh;
			shellScript = "\"${SRCROOT}/Pods/Target Support Files/Pods-DomboDemo/Pods-DomboDemo-frameworks.sh\"\n";
			showEnvVarsInLog = 0;
		};
		F316804C795621EE80CC9A71 /* [CP] Check Pods Manifest.lock */ = {
			isa = PBXShellScriptBuildPhase;
			buildActionMask = 2147483647;
			files = (
			);
			inputPaths = (
				"${PODS_PODFILE_DIR_PATH}/Podfile.lock",
				"${PODS_ROOT}/Manifest.lock",
			);
			name = "[CP] Check Pods Manifest.lock";
			outputPaths = (
				"$(DERIVED_FILE_DIR)/Pods-DomboDemo-checkManifestLockResult.txt",
			);
			runOnlyForDeploymentPostprocessing = 0;
			shellPath = /bin/sh;
			shellScript = "diff \"${PODS_PODFILE_DIR_PATH}/Podfile.lock\" \"${PODS_ROOT}/Manifest.lock\" > /dev/null\nif [ $? != 0 ] ; then\n    # print error to STDERR\n    echo \"error: The sandbox is not in sync with the Podfile.lock. Run 'pod install' or update your CocoaPods installation.\" >&2\n    exit 1\nfi\n# This output is used by Xcode 'outputs' to avoid re-running this script phase.\necho \"SUCCESS\" > \"${SCRIPT_OUTPUT_FILE_0}\"\n";
			showEnvVarsInLog = 0;
		};
		F85508474D6C4A6662AF6174 /* [CP] Check Pods Manifest.lock */ = {
			isa = PBXShellScriptBuildPhase;
			buildActionMask = 2147483647;
			files = (
			);
			inputPaths = (
				"${PODS_PODFILE_DIR_PATH}/Podfile.lock",
				"${PODS_ROOT}/Manifest.lock",
			);
			name = "[CP] Check Pods Manifest.lock";
			outputPaths = (
				"$(DERIVED_FILE_DIR)/Pods-DomboDemoTests-checkManifestLockResult.txt",
			);
			runOnlyForDeploymentPostprocessing = 0;
			shellPath = /bin/sh;
			shellScript = "diff \"${PODS_PODFILE_DIR_PATH}/Podfile.lock\" \"${PODS_ROOT}/Manifest.lock\" > /dev/null\nif [ $? != 0 ] ; then\n    # print error to STDERR\n    echo \"error: The sandbox is not in sync with the Podfile.lock. Run 'pod install' or update your CocoaPods installation.\" >&2\n    exit 1\nfi\n# This output is used by Xcode 'outputs' to avoid re-running this script phase.\necho \"SUCCESS\" > \"${SCRIPT_OUTPUT_FILE_0}\"\n";
			showEnvVarsInLog = 0;
		};
/* End PBXShellScriptBuildPhase section */

/* Begin PBXSourcesBuildPhase section */
		D1B5A19F212BC015004AD200 /* Sources */ = {
			isa = PBXSourcesBuildPhase;
			buildActionMask = 2147483647;
			files = (
				D1AE3CD62147E0F700313A9B /* TNTTools.m in Sources */,
				D1B5A1AB212BC015004AD200 /* ViewController.m in Sources */,
				D1F6D303214F83FE00BAFB62 /* UITextField+TNTCategory.m in Sources */,
				D1F6D300214F7E5A00BAFB62 /* UIImage+TNTCategory.m in Sources */,
				D1B5A1B6212BC016004AD200 /* main.m in Sources */,
				D1B5A1A8212BC015004AD200 /* AppDelegate.m in Sources */,
				D1ED94C0212D4BD400D8C704 /* DemoViewController.m in Sources */,
				D1F6D306214F855A00BAFB62 /* UITextView+TNTCategory.m in Sources */,
				D1F6D309214F886F00BAFB62 /* UIButton+TNTCategory.m in Sources */,
				D1AE3CD72147E0F700313A9B /* UIView+TNTCategory.m in Sources */,
				D1F6D30D214F8ECC00BAFB62 /* UIColor+TNTCategory.m in Sources */,
			);
			runOnlyForDeploymentPostprocessing = 0;
		};
		D1B5A1B7212BC017004AD200 /* Sources */ = {
			isa = PBXSourcesBuildPhase;
			buildActionMask = 2147483647;
			files = (
				D1B5A1C0212BC017004AD200 /* DomboDemoTests.m in Sources */,
			);
			runOnlyForDeploymentPostprocessing = 0;
		};
		D1B5A1C2212BC017004AD200 /* Sources */ = {
			isa = PBXSourcesBuildPhase;
			buildActionMask = 2147483647;
			files = (
				D1B5A1CB212BC017004AD200 /* DomboDemoUITests.m in Sources */,
			);
			runOnlyForDeploymentPostprocessing = 0;
		};
/* End PBXSourcesBuildPhase section */

/* Begin PBXTargetDependency section */
		D1B5A1BD212BC017004AD200 /* PBXTargetDependency */ = {
			isa = PBXTargetDependency;
			target = D1B5A1A2212BC015004AD200 /* DomboDemo */;
			targetProxy = D1B5A1BC212BC017004AD200 /* PBXContainerItemProxy */;
		};
		D1B5A1C8212BC017004AD200 /* PBXTargetDependency */ = {
			isa = PBXTargetDependency;
			target = D1B5A1A2212BC015004AD200 /* DomboDemo */;
			targetProxy = D1B5A1C7212BC017004AD200 /* PBXContainerItemProxy */;
		};
/* End PBXTargetDependency section */

/* Begin PBXVariantGroup section */
		D1B5A1AC212BC015004AD200 /* Main.storyboard */ = {
			isa = PBXVariantGroup;
			children = (
				D1B5A1AD212BC015004AD200 /* Base */,
			);
			name = Main.storyboard;
			sourceTree = "<group>";
		};
		D1B5A1B1212BC016004AD200 /* LaunchScreen.storyboard */ = {
			isa = PBXVariantGroup;
			children = (
				D1B5A1B2212BC016004AD200 /* Base */,
			);
			name = LaunchScreen.storyboard;
			sourceTree = "<group>";
		};
/* End PBXVariantGroup section */

/* Begin XCBuildConfiguration section */
		D1B5A1CD212BC017004AD200 /* Debug */ = {
			isa = XCBuildConfiguration;
			buildSettings = {
				ALWAYS_SEARCH_USER_PATHS = NO;
				CLANG_ANALYZER_NONNULL = YES;
				CLANG_ANALYZER_NUMBER_OBJECT_CONVERSION = YES_AGGRESSIVE;
				CLANG_CXX_LANGUAGE_STANDARD = "gnu++14";
				CLANG_CXX_LIBRARY = "libc++";
				CLANG_ENABLE_MODULES = YES;
				CLANG_ENABLE_OBJC_ARC = YES;
				CLANG_ENABLE_OBJC_WEAK = YES;
				CLANG_WARN_BLOCK_CAPTURE_AUTORELEASING = YES;
				CLANG_WARN_BOOL_CONVERSION = YES;
				CLANG_WARN_COMMA = YES;
				CLANG_WARN_CONSTANT_CONVERSION = YES;
				CLANG_WARN_DEPRECATED_OBJC_IMPLEMENTATIONS = YES;
				CLANG_WARN_DIRECT_OBJC_ISA_USAGE = YES_ERROR;
				CLANG_WARN_DOCUMENTATION_COMMENTS = YES;
				CLANG_WARN_EMPTY_BODY = YES;
				CLANG_WARN_ENUM_CONVERSION = YES;
				CLANG_WARN_INFINITE_RECURSION = YES;
				CLANG_WARN_INT_CONVERSION = YES;
				CLANG_WARN_NON_LITERAL_NULL_CONVERSION = YES;
				CLANG_WARN_OBJC_IMPLICIT_RETAIN_SELF = YES;
				CLANG_WARN_OBJC_LITERAL_CONVERSION = YES;
				CLANG_WARN_OBJC_ROOT_CLASS = YES_ERROR;
				CLANG_WARN_RANGE_LOOP_ANALYSIS = YES;
				CLANG_WARN_STRICT_PROTOTYPES = YES;
				CLANG_WARN_SUSPICIOUS_MOVE = YES;
				CLANG_WARN_UNGUARDED_AVAILABILITY = YES_AGGRESSIVE;
				CLANG_WARN_UNREACHABLE_CODE = YES;
				CLANG_WARN__DUPLICATE_METHOD_MATCH = YES;
				CODE_SIGN_IDENTITY = "iPhone Developer";
				COPY_PHASE_STRIP = NO;
				DEBUG_INFORMATION_FORMAT = dwarf;
				ENABLE_STRICT_OBJC_MSGSEND = YES;
				ENABLE_TESTABILITY = YES;
				GCC_C_LANGUAGE_STANDARD = gnu11;
				GCC_DYNAMIC_NO_PIC = NO;
				GCC_NO_COMMON_BLOCKS = YES;
				GCC_OPTIMIZATION_LEVEL = 0;
				GCC_PREPROCESSOR_DEFINITIONS = (
					"DEBUG=1",
					"$(inherited)",
				);
				GCC_WARN_64_TO_32_BIT_CONVERSION = YES;
				GCC_WARN_ABOUT_RETURN_TYPE = YES_ERROR;
				GCC_WARN_UNDECLARED_SELECTOR = YES;
				GCC_WARN_UNINITIALIZED_AUTOS = YES_AGGRESSIVE;
				GCC_WARN_UNUSED_FUNCTION = YES;
				GCC_WARN_UNUSED_VARIABLE = YES;
				IPHONEOS_DEPLOYMENT_TARGET = 11.4;
				MTL_ENABLE_DEBUG_INFO = YES;
				ONLY_ACTIVE_ARCH = YES;
				SDKROOT = iphoneos;
			};
			name = Debug;
		};
		D1B5A1CE212BC017004AD200 /* Release */ = {
			isa = XCBuildConfiguration;
			buildSettings = {
				ALWAYS_SEARCH_USER_PATHS = NO;
				CLANG_ANALYZER_NONNULL = YES;
				CLANG_ANALYZER_NUMBER_OBJECT_CONVERSION = YES_AGGRESSIVE;
				CLANG_CXX_LANGUAGE_STANDARD = "gnu++14";
				CLANG_CXX_LIBRARY = "libc++";
				CLANG_ENABLE_MODULES = YES;
				CLANG_ENABLE_OBJC_ARC = YES;
				CLANG_ENABLE_OBJC_WEAK = YES;
				CLANG_WARN_BLOCK_CAPTURE_AUTORELEASING = YES;
				CLANG_WARN_BOOL_CONVERSION = YES;
				CLANG_WARN_COMMA = YES;
				CLANG_WARN_CONSTANT_CONVERSION = YES;
				CLANG_WARN_DEPRECATED_OBJC_IMPLEMENTATIONS = YES;
				CLANG_WARN_DIRECT_OBJC_ISA_USAGE = YES_ERROR;
				CLANG_WARN_DOCUMENTATION_COMMENTS = YES;
				CLANG_WARN_EMPTY_BODY = YES;
				CLANG_WARN_ENUM_CONVERSION = YES;
				CLANG_WARN_INFINITE_RECURSION = YES;
				CLANG_WARN_INT_CONVERSION = YES;
				CLANG_WARN_NON_LITERAL_NULL_CONVERSION = YES;
				CLANG_WARN_OBJC_IMPLICIT_RETAIN_SELF = YES;
				CLANG_WARN_OBJC_LITERAL_CONVERSION = YES;
				CLANG_WARN_OBJC_ROOT_CLASS = YES_ERROR;
				CLANG_WARN_RANGE_LOOP_ANALYSIS = YES;
				CLANG_WARN_STRICT_PROTOTYPES = YES;
				CLANG_WARN_SUSPICIOUS_MOVE = YES;
				CLANG_WARN_UNGUARDED_AVAILABILITY = YES_AGGRESSIVE;
				CLANG_WARN_UNREACHABLE_CODE = YES;
				CLANG_WARN__DUPLICATE_METHOD_MATCH = YES;
				CODE_SIGN_IDENTITY = "iPhone Developer";
				COPY_PHASE_STRIP = NO;
				DEBUG_INFORMATION_FORMAT = "dwarf-with-dsym";
				ENABLE_NS_ASSERTIONS = NO;
				ENABLE_STRICT_OBJC_MSGSEND = YES;
				GCC_C_LANGUAGE_STANDARD = gnu11;
				GCC_NO_COMMON_BLOCKS = YES;
				GCC_WARN_64_TO_32_BIT_CONVERSION = YES;
				GCC_WARN_ABOUT_RETURN_TYPE = YES_ERROR;
				GCC_WARN_UNDECLARED_SELECTOR = YES;
				GCC_WARN_UNINITIALIZED_AUTOS = YES_AGGRESSIVE;
				GCC_WARN_UNUSED_FUNCTION = YES;
				GCC_WARN_UNUSED_VARIABLE = YES;
				IPHONEOS_DEPLOYMENT_TARGET = 11.4;
				MTL_ENABLE_DEBUG_INFO = NO;
				SDKROOT = iphoneos;
				VALIDATE_PRODUCT = YES;
			};
			name = Release;
		};
		D1B5A1D0212BC017004AD200 /* Debug */ = {
			isa = XCBuildConfiguration;
			baseConfigurationReference = C7152F0F1A23F68D6892B4E7 /* Pods-DomboDemo.debug.xcconfig */;
			buildSettings = {
				ASSETCATALOG_COMPILER_APPICON_NAME = AppIcon;
				CODE_SIGN_STYLE = Automatic;
				INFOPLIST_FILE = DomboDemo/Info.plist;
				LD_RUNPATH_SEARCH_PATHS = (
					"$(inherited)",
					"@executable_path/Frameworks",
				);
				PRODUCT_BUNDLE_IDENTIFIER = Dombo.DomboDemo;
				PRODUCT_NAME = "$(TARGET_NAME)";
				TARGETED_DEVICE_FAMILY = "1,2";
			};
			name = Debug;
		};
		D1B5A1D1212BC017004AD200 /* Release */ = {
			isa = XCBuildConfiguration;
			baseConfigurationReference = 60BB60DE2365D9D5929757E1 /* Pods-DomboDemo.release.xcconfig */;
			buildSettings = {
				ASSETCATALOG_COMPILER_APPICON_NAME = AppIcon;
				CODE_SIGN_STYLE = Automatic;
				INFOPLIST_FILE = DomboDemo/Info.plist;
				LD_RUNPATH_SEARCH_PATHS = (
					"$(inherited)",
					"@executable_path/Frameworks",
				);
				PRODUCT_BUNDLE_IDENTIFIER = Dombo.DomboDemo;
				PRODUCT_NAME = "$(TARGET_NAME)";
				TARGETED_DEVICE_FAMILY = "1,2";
			};
			name = Release;
		};
		D1B5A1D3212BC017004AD200 /* Debug */ = {
			isa = XCBuildConfiguration;
			baseConfigurationReference = D1225B66C84463C1F93ED614 /* Pods-DomboDemoTests.debug.xcconfig */;
			buildSettings = {
				BUNDLE_LOADER = "$(TEST_HOST)";
				CODE_SIGN_STYLE = Automatic;
				INFOPLIST_FILE = DomboDemoTests/Info.plist;
				LD_RUNPATH_SEARCH_PATHS = (
					"$(inherited)",
					"@executable_path/Frameworks",
					"@loader_path/Frameworks",
				);
				PRODUCT_BUNDLE_IDENTIFIER = Dombo.DomboDemoTests;
				PRODUCT_NAME = "$(TARGET_NAME)";
				TARGETED_DEVICE_FAMILY = "1,2";
				TEST_HOST = "$(BUILT_PRODUCTS_DIR)/DomboDemo.app/DomboDemo";
			};
			name = Debug;
		};
		D1B5A1D4212BC017004AD200 /* Release */ = {
			isa = XCBuildConfiguration;
			baseConfigurationReference = 0686B7A7C9F8A879FB1261B6 /* Pods-DomboDemoTests.release.xcconfig */;
			buildSettings = {
				BUNDLE_LOADER = "$(TEST_HOST)";
				CODE_SIGN_STYLE = Automatic;
				INFOPLIST_FILE = DomboDemoTests/Info.plist;
				LD_RUNPATH_SEARCH_PATHS = (
					"$(inherited)",
					"@executable_path/Frameworks",
					"@loader_path/Frameworks",
				);
				PRODUCT_BUNDLE_IDENTIFIER = Dombo.DomboDemoTests;
				PRODUCT_NAME = "$(TARGET_NAME)";
				TARGETED_DEVICE_FAMILY = "1,2";
				TEST_HOST = "$(BUILT_PRODUCTS_DIR)/DomboDemo.app/DomboDemo";
			};
			name = Release;
		};
		D1B5A1D6212BC017004AD200 /* Debug */ = {
			isa = XCBuildConfiguration;
			baseConfigurationReference = 1BD5CDD2FA2B45C14B4BB99C /* Pods-DomboDemoUITests.debug.xcconfig */;
			buildSettings = {
				CODE_SIGN_STYLE = Automatic;
				INFOPLIST_FILE = DomboDemoUITests/Info.plist;
				LD_RUNPATH_SEARCH_PATHS = (
					"$(inherited)",
					"@executable_path/Frameworks",
					"@loader_path/Frameworks",
				);
				PRODUCT_BUNDLE_IDENTIFIER = Dombo.DomboDemoUITests;
				PRODUCT_NAME = "$(TARGET_NAME)";
				TARGETED_DEVICE_FAMILY = "1,2";
				TEST_TARGET_NAME = DomboDemo;
			};
			name = Debug;
		};
		D1B5A1D7212BC017004AD200 /* Release */ = {
			isa = XCBuildConfiguration;
			baseConfigurationReference = 942562CC02B868E2721468A8 /* Pods-DomboDemoUITests.release.xcconfig */;
			buildSettings = {
				CODE_SIGN_STYLE = Automatic;
				INFOPLIST_FILE = DomboDemoUITests/Info.plist;
				LD_RUNPATH_SEARCH_PATHS = (
					"$(inherited)",
					"@executable_path/Frameworks",
					"@loader_path/Frameworks",
				);
				PRODUCT_BUNDLE_IDENTIFIER = Dombo.DomboDemoUITests;
				PRODUCT_NAME = "$(TARGET_NAME)";
				TARGETED_DEVICE_FAMILY = "1,2";
				TEST_TARGET_NAME = DomboDemo;
			};
			name = Release;
		};
/* End XCBuildConfiguration section */

/* Begin XCConfigurationList section */
		D1B5A19E212BC015004AD200 /* Build configuration list for PBXProject "DomboDemo" */ = {
			isa = XCConfigurationList;
			buildConfigurations = (
				D1B5A1CD212BC017004AD200 /* Debug */,
				D1B5A1CE212BC017004AD200 /* Release */,
			);
			defaultConfigurationIsVisible = 0;
			defaultConfigurationName = Release;
		};
		D1B5A1CF212BC017004AD200 /* Build configuration list for PBXNativeTarget "DomboDemo" */ = {
			isa = XCConfigurationList;
			buildConfigurations = (
				D1B5A1D0212BC017004AD200 /* Debug */,
				D1B5A1D1212BC017004AD200 /* Release */,
			);
			defaultConfigurationIsVisible = 0;
			defaultConfigurationName = Release;
		};
		D1B5A1D2212BC017004AD200 /* Build configuration list for PBXNativeTarget "DomboDemoTests" */ = {
			isa = XCConfigurationList;
			buildConfigurations = (
				D1B5A1D3212BC017004AD200 /* Debug */,
				D1B5A1D4212BC017004AD200 /* Release */,
			);
			defaultConfigurationIsVisible = 0;
			defaultConfigurationName = Release;
		};
		D1B5A1D5212BC017004AD200 /* Build configuration list for PBXNativeTarget "DomboDemoUITests" */ = {
			isa = XCConfigurationList;
			buildConfigurations = (
				D1B5A1D6212BC017004AD200 /* Debug */,
				D1B5A1D7212BC017004AD200 /* Release */,
			);
			defaultConfigurationIsVisible = 0;
			defaultConfigurationName = Release;
		};
/* End XCConfigurationList section */
	};
	rootObject = D1B5A19B212BC015004AD200 /* Project object */;
}
